
Microsoft Visual Studio Solution File, Format Version 12.00
# Visual Studio Version 17
VisualStudioVersion = 17.1.31911.260
MinimumVisualStudioVersion = 10.0.40219.1
Project("{9A19103F-16F7-4668-BE54-9A1E7A4F7556}") = "Mechs.Game", "Mechs.Game\Mechs.Game.csproj", "{5E07881F-2232-4531-8E69-E45E55CB5D12}"
EndProject
Project("{FAE04EC0-301F-11D3-BF4B-00C04F79EFBC}") = "Mechs", "Mechs\Mechs.csproj", "{37047FDE-E06C-4844-8282-BA2080D5B612}"
EndProject
Project("{FAE04EC0-301F-11D3-BF4B-00C04F79EFBC}") = "Mechs.Utility", "Mechs.Utility\Mechs.Utility.csproj", "{89CD7A77-9D80-4CF5-895F-F794F54CA9D6}"
EndProject
Global
	GlobalSection(SolutionConfigurationPlatforms) = preSolution
		Debug|Any CPU = Debug|Any CPU
		Release|Any CPU = Release|Any CPU
	EndGlobalSection
	GlobalSection(ProjectConfigurationPlatforms) = postSolution
		{5E07881F-2232-4531-8E69-E45E55CB5D12}.Debug|Any CPU.ActiveCfg = Debug|Any CPU
		{5E07881F-2232-4531-8E69-E45E55CB5D12}.Debug|Any CPU.Build.0 = Debug|Any CPU
		{5E07881F-2232-4531-8E69-E45E55CB5D12}.Release|Any CPU.ActiveCfg = Release|Any CPU
		{5E07881F-2232-4531-8E69-E45E55CB5D12}.Release|Any CPU.Build.0 = Release|Any CPU
		{37047FDE-E06C-4844-8282-BA2080D5B612}.Debug|Any CPU.ActiveCfg = Debug|Any CPU
		{37047FDE-E06C-4844-8282-BA2080D5B612}.Debug|Any CPU.Build.0 = Debug|Any CPU
		{37047FDE-E06C-4844-8282-BA2080D5B612}.Release|Any CPU.ActiveCfg = Release|Any CPU
		{37047FDE-E06C-4844-8282-BA2080D5B612}.Release|Any CPU.Build.0 = Release|Any CPU
		{89CD7A77-9D80-4CF5-895F-F794F54CA9D6}.Debug|Any CPU.ActiveCfg = Debug|Any CPU
		{89CD7A77-9D80-4CF5-895F-F794F54CA9D6}.Debug|Any CPU.Build.0 = Debug|Any CPU
		{89CD7A77-9D80-4CF5-895F-F794F54CA9D6}.Release|Any CPU.ActiveCfg = Release|Any CPU
		{89CD7A77-9D80-4CF5-895F-F794F54CA9D6}.Release|Any CPU.Build.0 = Release|Any CPU
	EndGlobalSection
	GlobalSection(SolutionProperties) = preSolution
		HideSolutionNode = FALSE
	EndGlobalSection
	GlobalSection(ExtensibilityGlobals) = postSolution
		SolutionGuid = {8994750A-5534-4DA6-A7B1-20DBDABD1CF0}
	EndGlobalSection
EndGlobal
